
Microsoft Visual Studio Solution File, Format Version 12.00
# Visual Studio Version 17
VisualStudioVersion = 17.11.35208.52
MinimumVisualStudioVersion = 10.0.40219.1
Project("{9A19103F-16F7-4668-BE54-9A1E7A4F7556}") = "Api", "Proyecto SAPi\Api.csproj", "{353668E3-C543-442D-ADC9-9966E837FCC9}"
EndProject
Project("{9A19103F-16F7-4668-BE54-9A1E7A4F7556}") = "SapModel", "Model\SapModel.csproj", "{792C57C3-2C48-4A9B-B9A6-1CAF91D2CB43}"
EndProject
Project("{9A19103F-16F7-4668-BE54-9A1E7A4F7556}") = "SapService", "Service\SapService.csproj", "{42AED065-3F54-4C31-8B8F-7DAE4BF8D869}"
EndProject
Global
	GlobalSection(SolutionConfigurationPlatforms) = preSolution
		Debug|Any CPU = Debug|Any CPU
		Release|Any CPU = Release|Any CPU
	EndGlobalSection
	GlobalSection(ProjectConfigurationPlatforms) = postSolution
		{353668E3-C543-442D-ADC9-9966E837FCC9}.Debug|Any CPU.ActiveCfg = Debug|Any CPU
		{353668E3-C543-442D-ADC9-9966E837FCC9}.Debug|Any CPU.Build.0 = Debug|Any CPU
		{353668E3-C543-442D-ADC9-9966E837FCC9}.Release|Any CPU.ActiveCfg = Release|Any CPU
		{353668E3-C543-442D-ADC9-9966E837FCC9}.Release|Any CPU.Build.0 = Release|Any CPU
		{792C57C3-2C48-4A9B-B9A6-1CAF91D2CB43}.Debug|Any CPU.ActiveCfg = Debug|Any CPU
		{792C57C3-2C48-4A9B-B9A6-1CAF91D2CB43}.Debug|Any CPU.Build.0 = Debug|Any CPU
		{792C57C3-2C48-4A9B-B9A6-1CAF91D2CB43}.Release|Any CPU.ActiveCfg = Release|Any CPU
		{792C57C3-2C48-4A9B-B9A6-1CAF91D2CB43}.Release|Any CPU.Build.0 = Release|Any CPU
		{42AED065-3F54-4C31-8B8F-7DAE4BF8D869}.Debug|Any CPU.ActiveCfg = Debug|Any CPU
		{42AED065-3F54-4C31-8B8F-7DAE4BF8D869}.Debug|Any CPU.Build.0 = Debug|Any CPU
		{42AED065-3F54-4C31-8B8F-7DAE4BF8D869}.Release|Any CPU.ActiveCfg = Release|Any CPU
		{42AED065-3F54-4C31-8B8F-7DAE4BF8D869}.Release|Any CPU.Build.0 = Release|Any CPU
	EndGlobalSection
	GlobalSection(SolutionProperties) = preSolution
		HideSolutionNode = FALSE
	EndGlobalSection
	GlobalSection(ExtensibilityGlobals) = postSolution
		SolutionGuid = {B59AC7BD-D4CD-4CE7-8C70-6CFF7EB953EE}
	EndGlobalSection
EndGlobal
